
Microsoft Visual Studio Solution File, Format Version 12.00
# Visual Studio 15
VisualStudioVersion = 15.0.26228.4
MinimumVisualStudioVersion = 10.0.40219.1
Project("{FAE04EC0-301F-11D3-BF4B-00C04F79EFBC}") = "Demo1.Duck", "Demo1.Duck\Demo1.Duck.csproj", "{27B7AFA3-4A86-400F-A5E0-C3D9D7E44012}"
EndProject
Project("{FAE04EC0-301F-11D3-BF4B-00C04F79EFBC}") = "Demo1.Fight", "Demo1.Fight\Demo1.Fight.csproj", "{75076E26-693D-4EF8-BB46-197DF4EC645C}"
EndProject
Project("{FAE04EC0-301F-11D3-BF4B-00C04F79EFBC}") = "Demo2.气象站", "Demo2.气象站\Demo2.气象站.csproj", "{5F6FF669-E90B-4337-883F-5416C8283224}"
EndProject
Project("{FAE04EC0-301F-11D3-BF4B-00C04F79EFBC}") = "Demo2.气象站2", "Demo2.气象站2\Demo2.气象站2.csproj", "{1B9D2C62-A880-4E1C-BB36-C9976FB2D0C6}"
EndProject
Project("{FAE04EC0-301F-11D3-BF4B-00C04F79EFBC}") = "Demo2.报纸订阅", "Demo2.报纸订阅\Demo2.报纸订阅.csproj", "{F7BF8862-4D7C-4D49-87B3-5FBAA5735F66}"
EndProject
Project("{FAE04EC0-301F-11D3-BF4B-00C04F79EFBC}") = "Demo3.装饰着.星巴克", "Demo3.装饰着.星巴克\Demo3.装饰着.星巴克.csproj", "{6E304910-74D6-46B4-BAB0-592C7C1BDB37}"
EndProject
Global
	GlobalSection(SolutionConfigurationPlatforms) = preSolution
		Debug|Any CPU = Debug|Any CPU
		Release|Any CPU = Release|Any CPU
	EndGlobalSection
	GlobalSection(ProjectConfigurationPlatforms) = postSolution
		{27B7AFA3-4A86-400F-A5E0-C3D9D7E44012}.Debug|Any CPU.ActiveCfg = Debug|Any CPU
		{27B7AFA3-4A86-400F-A5E0-C3D9D7E44012}.Debug|Any CPU.Build.0 = Debug|Any CPU
		{27B7AFA3-4A86-400F-A5E0-C3D9D7E44012}.Release|Any CPU.ActiveCfg = Release|Any CPU
		{27B7AFA3-4A86-400F-A5E0-C3D9D7E44012}.Release|Any CPU.Build.0 = Release|Any CPU
		{75076E26-693D-4EF8-BB46-197DF4EC645C}.Debug|Any CPU.ActiveCfg = Debug|Any CPU
		{75076E26-693D-4EF8-BB46-197DF4EC645C}.Debug|Any CPU.Build.0 = Debug|Any CPU
		{75076E26-693D-4EF8-BB46-197DF4EC645C}.Release|Any CPU.ActiveCfg = Release|Any CPU
		{75076E26-693D-4EF8-BB46-197DF4EC645C}.Release|Any CPU.Build.0 = Release|Any CPU
		{5F6FF669-E90B-4337-883F-5416C8283224}.Debug|Any CPU.ActiveCfg = Debug|Any CPU
		{5F6FF669-E90B-4337-883F-5416C8283224}.Debug|Any CPU.Build.0 = Debug|Any CPU
		{5F6FF669-E90B-4337-883F-5416C8283224}.Release|Any CPU.ActiveCfg = Release|Any CPU
		{5F6FF669-E90B-4337-883F-5416C8283224}.Release|Any CPU.Build.0 = Release|Any CPU
		{1B9D2C62-A880-4E1C-BB36-C9976FB2D0C6}.Debug|Any CPU.ActiveCfg = Debug|Any CPU
		{1B9D2C62-A880-4E1C-BB36-C9976FB2D0C6}.Debug|Any CPU.Build.0 = Debug|Any CPU
		{1B9D2C62-A880-4E1C-BB36-C9976FB2D0C6}.Release|Any CPU.ActiveCfg = Release|Any CPU
		{1B9D2C62-A880-4E1C-BB36-C9976FB2D0C6}.Release|Any CPU.Build.0 = Release|Any CPU
		{F7BF8862-4D7C-4D49-87B3-5FBAA5735F66}.Debug|Any CPU.ActiveCfg = Debug|Any CPU
		{F7BF8862-4D7C-4D49-87B3-5FBAA5735F66}.Debug|Any CPU.Build.0 = Debug|Any CPU
		{F7BF8862-4D7C-4D49-87B3-5FBAA5735F66}.Release|Any CPU.ActiveCfg = Release|Any CPU
		{F7BF8862-4D7C-4D49-87B3-5FBAA5735F66}.Release|Any CPU.Build.0 = Release|Any CPU
		{6E304910-74D6-46B4-BAB0-592C7C1BDB37}.Debug|Any CPU.ActiveCfg = Debug|Any CPU
		{6E304910-74D6-46B4-BAB0-592C7C1BDB37}.Debug|Any CPU.Build.0 = Debug|Any CPU
		{6E304910-74D6-46B4-BAB0-592C7C1BDB37}.Release|Any CPU.ActiveCfg = Release|Any CPU
		{6E304910-74D6-46B4-BAB0-592C7C1BDB37}.Release|Any CPU.Build.0 = Release|Any CPU
	EndGlobalSection
	GlobalSection(SolutionProperties) = preSolution
		HideSolutionNode = FALSE
	EndGlobalSection
EndGlobal
